
Microsoft Visual Studio Solution File, Format Version 12.00
# Visual Studio Version 17
VisualStudioVersion = 17.0.31903.59
MinimumVisualStudioVersion = 10.0.40219.1
Project("{2150E333-8FDC-42A3-9474-1A3956D46DE8}") = "src", "src", "{827E0CD3-B72D-47B6-A68D-7590B98EB39B}"
EndProject
Project("{FAE04EC0-301F-11D3-BF4B-00C04F79EFBC}") = "Booking.Domain", "src\Booking.Domain\Booking.Domain.csproj", "{8CD571D7-62CE-4C28-A47A-38808E6503F9}"
EndProject
Project("{FAE04EC0-301F-11D3-BF4B-00C04F79EFBC}") = "Booking.Application", "src\Booking.Application\Booking.Application.csproj", "{83BF871C-8B90-4F88-BCE7-E0D42054E56D}"
EndProject
Project("{FAE04EC0-301F-11D3-BF4B-00C04F79EFBC}") = "Booking.Infrastructure", "src\Booking.Infrastructure\Booking.Infrastructure.csproj", "{280D71D8-A556-4BEB-ACFF-295F51F97F3D}"
EndProject
Project("{FAE04EC0-301F-11D3-BF4B-00C04F79EFBC}") = "Booking.Api", "src\Booking.Api\Booking.Api.csproj", "{BE42797E-D3CC-4B23-8E0E-266725DC109D}"
EndProject
Project("{2150E333-8FDC-42A3-9474-1A3956D46DE8}") = "tests", "tests", "{0AB3BF05-4346-4AA6-1389-037BE0695223}"
EndProject
Project("{FAE04EC0-301F-11D3-BF4B-00C04F79EFBC}") = "Booking.UnitTests", "tests\Booking.UnitTests\Booking.UnitTests.csproj", "{2F9E79F3-8FA5-43CD-AD68-850B2BE95AC4}"
EndProject
Project("{FAE04EC0-301F-11D3-BF4B-00C04F79EFBC}") = "Booking.IntegrationTests", "tests\Booking.IntegrationTests\Booking.IntegrationTests.csproj", "{74637A4C-F403-4560-898B-92E7F5939C51}"
EndProject
Global
	GlobalSection(SolutionConfigurationPlatforms) = preSolution
		Debug|Any CPU = Debug|Any CPU
		Debug|x64 = Debug|x64
		Debug|x86 = Debug|x86
		Release|Any CPU = Release|Any CPU
		Release|x64 = Release|x64
		Release|x86 = Release|x86
	EndGlobalSection
	GlobalSection(ProjectConfigurationPlatforms) = postSolution
		{8CD571D7-62CE-4C28-A47A-38808E6503F9}.Debug|Any CPU.ActiveCfg = Debug|Any CPU
		{8CD571D7-62CE-4C28-A47A-38808E6503F9}.Debug|Any CPU.Build.0 = Debug|Any CPU
		{8CD571D7-62CE-4C28-A47A-38808E6503F9}.Debug|x64.ActiveCfg = Debug|Any CPU
		{8CD571D7-62CE-4C28-A47A-38808E6503F9}.Debug|x64.Build.0 = Debug|Any CPU
		{8CD571D7-62CE-4C28-A47A-38808E6503F9}.Debug|x86.ActiveCfg = Debug|Any CPU
		{8CD571D7-62CE-4C28-A47A-38808E6503F9}.Debug|x86.Build.0 = Debug|Any CPU
		{8CD571D7-62CE-4C28-A47A-38808E6503F9}.Release|Any CPU.ActiveCfg = Release|Any CPU
		{8CD571D7-62CE-4C28-A47A-38808E6503F9}.Release|Any CPU.Build.0 = Release|Any CPU
		{8CD571D7-62CE-4C28-A47A-38808E6503F9}.Release|x64.ActiveCfg = Release|Any CPU
		{8CD571D7-62CE-4C28-A47A-38808E6503F9}.Release|x64.Build.0 = Release|Any CPU
		{8CD571D7-62CE-4C28-A47A-38808E6503F9}.Release|x86.ActiveCfg = Release|Any CPU
		{8CD571D7-62CE-4C28-A47A-38808E6503F9}.Release|x86.Build.0 = Release|Any CPU
		{83BF871C-8B90-4F88-BCE7-E0D42054E56D}.Debug|Any CPU.ActiveCfg = Debug|Any CPU
		{83BF871C-8B90-4F88-BCE7-E0D42054E56D}.Debug|Any CPU.Build.0 = Debug|Any CPU
		{83BF871C-8B90-4F88-BCE7-E0D42054E56D}.Debug|x64.ActiveCfg = Debug|Any CPU
		{83BF871C-8B90-4F88-BCE7-E0D42054E56D}.Debug|x64.Build.0 = Debug|Any CPU
		{83BF871C-8B90-4F88-BCE7-E0D42054E56D}.Debug|x86.ActiveCfg = Debug|Any CPU
		{83BF871C-8B90-4F88-BCE7-E0D42054E56D}.Debug|x86.Build.0 = Debug|Any CPU
		{83BF871C-8B90-4F88-BCE7-E0D42054E56D}.Release|Any CPU.ActiveCfg = Release|Any CPU
		{83BF871C-8B90-4F88-BCE7-E0D42054E56D}.Release|Any CPU.Build.0 = Release|Any CPU
		{83BF871C-8B90-4F88-BCE7-E0D42054E56D}.Release|x64.ActiveCfg = Release|Any CPU
		{83BF871C-8B90-4F88-BCE7-E0D42054E56D}.Release|x64.Build.0 = Release|Any CPU
		{83BF871C-8B90-4F88-BCE7-E0D42054E56D}.Release|x86.ActiveCfg = Release|Any CPU
		{83BF871C-8B90-4F88-BCE7-E0D42054E56D}.Release|x86.Build.0 = Release|Any CPU
		{280D71D8-A556-4BEB-ACFF-295F51F97F3D}.Debug|Any CPU.ActiveCfg = Debug|Any CPU
		{280D71D8-A556-4BEB-ACFF-295F51F97F3D}.Debug|Any CPU.Build.0 = Debug|Any CPU
		{280D71D8-A556-4BEB-ACFF-295F51F97F3D}.Debug|x64.ActiveCfg = Debug|Any CPU
		{280D71D8-A556-4BEB-ACFF-295F51F97F3D}.Debug|x64.Build.0 = Debug|Any CPU
		{280D71D8-A556-4BEB-ACFF-295F51F97F3D}.Debug|x86.ActiveCfg = Debug|Any CPU
		{280D71D8-A556-4BEB-ACFF-295F51F97F3D}.Debug|x86.Build.0 = Debug|Any CPU
		{280D71D8-A556-4BEB-ACFF-295F51F97F3D}.Release|Any CPU.ActiveCfg = Release|Any CPU
		{280D71D8-A556-4BEB-ACFF-295F51F97F3D}.Release|Any CPU.Build.0 = Release|Any CPU
		{280D71D8-A556-4BEB-ACFF-295F51F97F3D}.Release|x64.ActiveCfg = Release|Any CPU
		{280D71D8-A556-4BEB-ACFF-295F51F97F3D}.Release|x64.Build.0 = Release|Any CPU
		{280D71D8-A556-4BEB-ACFF-295F51F97F3D}.Release|x86.ActiveCfg = Release|Any CPU
		{280D71D8-A556-4BEB-ACFF-295F51F97F3D}.Release|x86.Build.0 = Release|Any CPU
		{BE42797E-D3CC-4B23-8E0E-266725DC109D}.Debug|Any CPU.ActiveCfg = Debug|Any CPU
		{BE42797E-D3CC-4B23-8E0E-266725DC109D}.Debug|Any CPU.Build.0 = Debug|Any CPU
		{BE42797E-D3CC-4B23-8E0E-266725DC109D}.Debug|x64.ActiveCfg = Debug|Any CPU
		{BE42797E-D3CC-4B23-8E0E-266725DC109D}.Debug|x64.Build.0 = Debug|Any CPU
		{BE42797E-D3CC-4B23-8E0E-266725DC109D}.Debug|x86.ActiveCfg = Debug|Any CPU
		{BE42797E-D3CC-4B23-8E0E-266725DC109D}.Debug|x86.Build.0 = Debug|Any CPU
		{BE42797E-D3CC-4B23-8E0E-266725DC109D}.Release|Any CPU.ActiveCfg = Release|Any CPU
		{BE42797E-D3CC-4B23-8E0E-266725DC109D}.Release|Any CPU.Build.0 = Release|Any CPU
		{BE42797E-D3CC-4B23-8E0E-266725DC109D}.Release|x64.ActiveCfg = Release|Any CPU
		{BE42797E-D3CC-4B23-8E0E-266725DC109D}.Release|x64.Build.0 = Release|Any CPU
		{BE42797E-D3CC-4B23-8E0E-266725DC109D}.Release|x86.ActiveCfg = Release|Any CPU
		{BE42797E-D3CC-4B23-8E0E-266725DC109D}.Release|x86.Build.0 = Release|Any CPU
		{2F9E79F3-8FA5-43CD-AD68-850B2BE95AC4}.Debug|Any CPU.ActiveCfg = Debug|Any CPU
		{2F9E79F3-8FA5-43CD-AD68-850B2BE95AC4}.Debug|Any CPU.Build.0 = Debug|Any CPU
		{2F9E79F3-8FA5-43CD-AD68-850B2BE95AC4}.Debug|x64.ActiveCfg = Debug|Any CPU
		{2F9E79F3-8FA5-43CD-AD68-850B2BE95AC4}.Debug|x64.Build.0 = Debug|Any CPU
		{2F9E79F3-8FA5-43CD-AD68-850B2BE95AC4}.Debug|x86.ActiveCfg = Debug|Any CPU
		{2F9E79F3-8FA5-43CD-AD68-850B2BE95AC4}.Debug|x86.Build.0 = Debug|Any CPU
		{2F9E79F3-8FA5-43CD-AD68-850B2BE95AC4}.Release|Any CPU.ActiveCfg = Release|Any CPU
		{2F9E79F3-8FA5-43CD-AD68-850B2BE95AC4}.Release|Any CPU.Build.0 = Release|Any CPU
		{2F9E79F3-8FA5-43CD-AD68-850B2BE95AC4}.Release|x64.ActiveCfg = Release|Any CPU
		{2F9E79F3-8FA5-43CD-AD68-850B2BE95AC4}.Release|x64.Build.0 = Release|Any CPU
		{2F9E79F3-8FA5-43CD-AD68-850B2BE95AC4}.Release|x86.ActiveCfg = Release|Any CPU
		{2F9E79F3-8FA5-43CD-AD68-850B2BE95AC4}.Release|x86.Build.0 = Release|Any CPU
		{74637A4C-F403-4560-898B-92E7F5939C51}.Debug|Any CPU.ActiveCfg = Debug|Any CPU
		{74637A4C-F403-4560-898B-92E7F5939C51}.Debug|Any CPU.Build.0 = Debug|Any CPU
		{74637A4C-F403-4560-898B-92E7F5939C51}.Debug|x64.ActiveCfg = Debug|Any CPU
		{74637A4C-F403-4560-898B-92E7F5939C51}.Debug|x64.Build.0 = Debug|Any CPU
		{74637A4C-F403-4560-898B-92E7F5939C51}.Debug|x86.ActiveCfg = Debug|Any CPU
		{74637A4C-F403-4560-898B-92E7F5939C51}.Debug|x86.Build.0 = Debug|Any CPU
		{74637A4C-F403-4560-898B-92E7F5939C51}.Release|Any CPU.ActiveCfg = Release|Any CPU
		{74637A4C-F403-4560-898B-92E7F5939C51}.Release|Any CPU.Build.0 = Release|Any CPU
		{74637A4C-F403-4560-898B-92E7F5939C51}.Release|x64.ActiveCfg = Release|Any CPU
		{74637A4C-F403-4560-898B-92E7F5939C51}.Release|x64.Build.0 = Release|Any CPU
		{74637A4C-F403-4560-898B-92E7F5939C51}.Release|x86.ActiveCfg = Release|Any CPU
		{74637A4C-F403-4560-898B-92E7F5939C51}.Release|x86.Build.0 = Release|Any CPU
	EndGlobalSection
	GlobalSection(SolutionProperties) = preSolution
		HideSolutionNode = FALSE
	EndGlobalSection
	GlobalSection(NestedProjects) = preSolution
		{8CD571D7-62CE-4C28-A47A-38808E6503F9} = {827E0CD3-B72D-47B6-A68D-7590B98EB39B}
		{83BF871C-8B90-4F88-BCE7-E0D42054E56D} = {827E0CD3-B72D-47B6-A68D-7590B98EB39B}
		{280D71D8-A556-4BEB-ACFF-295F51F97F3D} = {827E0CD3-B72D-47B6-A68D-7590B98EB39B}
		{BE42797E-D3CC-4B23-8E0E-266725DC109D} = {827E0CD3-B72D-47B6-A68D-7590B98EB39B}
		{2F9E79F3-8FA5-43CD-AD68-850B2BE95AC4} = {0AB3BF05-4346-4AA6-1389-037BE0695223}
		{74637A4C-F403-4560-898B-92E7F5939C51} = {0AB3BF05-4346-4AA6-1389-037BE0695223}
	EndGlobalSection
EndGlobal
